// !$*UTF8*$!
{
	archiveVersion = 1;
	classes = {
	};
	objectVersion = 56;
	objects = {

/* Begin PBXBuildFile section */
		1DC689042AD762EB009832C4 /* MyTimer1App.swift in Sources */ = {isa = PBXBuildFile; fileRef = 1DC689032AD762EB009832C4 /* MyTimer1App.swift */; };
		1DC689062AD762EB009832C4 /* ContentView.swift in Sources */ = {isa = PBXBuildFile; fileRef = 1DC689052AD762EB009832C4 /* ContentView.swift */; };
		1DC689082AD762EC009832C4 /* Assets.xcassets in Resources */ = {isa = PBXBuildFile; fileRef = 1DC689072AD762EC009832C4 /* Assets.xcassets */; };
		1DC6890B2AD762EC009832C4 /* Preview Assets.xcassets in Resources */ = {isa = PBXBuildFile; fileRef = 1DC6890A2AD762EC009832C4 /* Preview Assets.xcassets */; };
		1DC689152AD762EC009832C4 /* MyTimer1Tests.swift in Sources */ = {isa = PBXBuildFile; fileRef = 1DC689142AD762EC009832C4 /* MyTimer1Tests.swift */; };
		1DC6891F2AD762EC009832C4 /* MyTimer1UITests.swift in Sources */ = {isa = PBXBuildFile; fileRef = 1DC6891E2AD762EC009832C4 /* MyTimer1UITests.swift */; };
		1DC689212AD762EC009832C4 /* MyTimer1UITestsLaunchTests.swift in Sources */ = {isa = PBXBuildFile; fileRef = 1DC689202AD762EC009832C4 /* MyTimer1UITestsLaunchTests.swift */; };
		1DC6892E2AD76329009832C4 /* SettingView.swift in Sources */ = {isa = PBXBuildFile; fileRef = 1DC6892D2AD76329009832C4 /* SettingView.swift */; };
/* End PBXBuildFile section */

/* Begin PBXContainerItemProxy section */
		1DC689112AD762EC009832C4 /* PBXContainerItemProxy */ = {
			isa = PBXContainerItemProxy;
			containerPortal = 1DC688F82AD762EB009832C4 /* Project object */;
			proxyType = 1;
			remoteGlobalIDString = 1DC688FF2AD762EB009832C4;
			remoteInfo = MyTimer1;
		};
		1DC6891B2AD762EC009832C4 /* PBXContainerItemProxy */ = {
			isa = PBXContainerItemProxy;
			containerPortal = 1DC688F82AD762EB009832C4 /* Project object */;
			proxyType = 1;
			remoteGlobalIDString = 1DC688FF2AD762EB009832C4;
			remoteInfo = MyTimer1;
		};
/* End PBXContainerItemProxy section */

/* Begin PBXFileReference section */
		1DC689002AD762EB009832C4 /* MyTimer1.app */ = {isa = PBXFileReference; explicitFileType = wrapper.application; includeInIndex = 0; path = MyTimer1.app; sourceTree = BUILT_PRODUCTS_DIR; };
		1DC689032AD762EB009832C4 /* MyTimer1App.swift */ = {isa = PBXFileReference; lastKnownFileType = sourcecode.swift; path = MyTimer1App.swift; sourceTree = "<group>"; };
		1DC689052AD762EB009832C4 /* ContentView.swift */ = {isa = PBXFileReference; lastKnownFileType = sourcecode.swift; path = ContentView.swift; sourceTree = "<group>"; };
		1DC689072AD762EC009832C4 /* Assets.xcassets */ = {isa = PBXFileReference; lastKnownFileType = folder.assetcatalog; path = Assets.xcassets; sourceTree = "<group>"; };
		1DC6890A2AD762EC009832C4 /* Preview Assets.xcassets */ = {isa = PBXFileReference; lastKnownFileType = folder.assetcatalog; path = "Preview Assets.xcassets"; sourceTree = "<group>"; };
		1DC689102AD762EC009832C4 /* MyTimer1Tests.xctest */ = {isa = PBXFileReference; explicitFileType = wrapper.cfbundle; includeInIndex = 0; path = MyTimer1Tests.xctest; sourceTree = BUILT_PRODUCTS_DIR; };
		1DC689142AD762EC009832C4 /* MyTimer1Tests.swift */ = {isa = PBXFileReference; lastKnownFileType = sourcecode.swift; path = MyTimer1Tests.swift; sourceTree = "<group>"; };
		1DC6891A2AD762EC009832C4 /* MyTimer1UITests.xctest */ = {isa = PBXFileReference; explicitFileType = wrapper.cfbundle; includeInIndex = 0; path = MyTimer1UITests.xctest; sourceTree = BUILT_PRODUCTS_DIR; };
		1DC6891E2AD762EC009832C4 /* MyTimer1UITests.swift */ = {isa = PBXFileReference; lastKnownFileType = sourcecode.swift; path = MyTimer1UITests.swift; sourceTree = "<group>"; };
		1DC689202AD762EC009832C4 /* MyTimer1UITestsLaunchTests.swift */ = {isa = PBXFileReference; lastKnownFileType = sourcecode.swift; path = MyTimer1UITestsLaunchTests.swift; sourceTree = "<group>"; };
		1DC6892D2AD76329009832C4 /* SettingView.swift */ = {isa = PBXFileReference; lastKnownFileType = sourcecode.swift; path = SettingView.swift; sourceTree = "<group>"; };
/* End PBXFileReference section */

/* Begin PBXFrameworksBuildPhase section */
		1DC688FD2AD762EB009832C4 /* Frameworks */ = {
			isa = PBXFrameworksBuildPhase;
			buildActionMask = 2147483647;
			files = (
			);
			runOnlyForDeploymentPostprocessing = 0;
		};
		1DC6890D2AD762EC009832C4 /* Frameworks */ = {
			isa = PBXFrameworksBuildPhase;
			buildActionMask = 2147483647;
			files = (
			);
			runOnlyForDeploymentPostprocessing = 0;
		};
		1DC689172AD762EC009832C4 /* Frameworks */ = {
			isa = PBXFrameworksBuildPhase;
			buildActionMask = 2147483647;
			files = (
			);
			runOnlyForDeploymentPostprocessing = 0;
		};
/* End PBXFrameworksBuildPhase section */

/* Begin PBXGroup section */
		1DC688F72AD762EB009832C4 = {
			isa = PBXGroup;
			children = (
				1DC689022AD762EB009832C4 /* MyTimer1 */,
				1DC689132AD762EC009832C4 /* MyTimer1Tests */,
				1DC6891D2AD762EC009832C4 /* MyTimer1UITests */,
				1DC689012AD762EB009832C4 /* Products */,
			);
			sourceTree = "<group>";
		};
		1DC689012AD762EB009832C4 /* Products */ = {
			isa = PBXGroup;
			children = (
				1DC689002AD762EB009832C4 /* MyTimer1.app */,
				1DC689102AD762EC009832C4 /* MyTimer1Tests.xctest */,
				1DC6891A2AD762EC009832C4 /* MyTimer1UITests.xctest */,
			);
			name = Products;
			sourceTree = "<group>";
		};
		1DC689022AD762EB009832C4 /* MyTimer1 */ = {
			isa = PBXGroup;
			children = (
				1DC689032AD762EB009832C4 /* MyTimer1App.swift */,
				1DC689052AD762EB009832C4 /* ContentView.swift */,
				1DC6892D2AD76329009832C4 /* SettingView.swift */,
				1DC689072AD762EC009832C4 /* Assets.xcassets */,
				1DC689092AD762EC009832C4 /* Preview Content */,
			);
			path = MyTimer1;
			sourceTree = "<group>";
		};
		1DC689092AD762EC009832C4 /* Preview Content */ = {
			isa = PBXGroup;
			children = (
				1DC6890A2AD762EC009832C4 /* Preview Assets.xcassets */,
			);
			path = "Preview Content";
			sourceTree = "<group>";
		};
		1DC689132AD762EC009832C4 /* MyTimer1Tests */ = {
			isa = PBXGroup;
			children = (
				1DC689142AD762EC009832C4 /* MyTimer1Tests.swift */,
			);
			path = MyTimer1Tests;
			sourceTree = "<group>";
		};
		1DC6891D2AD762EC009832C4 /* MyTimer1UITests */ = {
			isa = PBXGroup;
			children = (
				1DC6891E2AD762EC009832C4 /* MyTimer1UITests.swift */,
				1DC689202AD762EC009832C4 /* MyTimer1UITestsLaunchTests.swift */,
			);
			path = MyTimer1UITests;
			sourceTree = "<group>";
		};
/* End PBXGroup section */

/* Begin PBXNativeTarget section */
		1DC688FF2AD762EB009832C4 /* MyTimer1 */ = {
			isa = PBXNativeTarget;
			buildConfigurationList = 1DC689242AD762EC009832C4 /* Build configuration list for PBXNativeTarget "MyTimer1" */;
			buildPhases = (
				1DC688FC2AD762EB009832C4 /* Sources */,
				1DC688FD2AD762EB009832C4 /* Frameworks */,
				1DC688FE2AD762EB009832C4 /* Resources */,
			);
			buildRules = (
			);
			dependencies = (
			);
			name = MyTimer1;
			productName = MyTimer1;
			productReference = 1DC689002AD762EB009832C4 /* MyTimer1.app */;
			productType = "com.apple.product-type.application";
		};
		1DC6890F2AD762EC009832C4 /* MyTimer1Tests */ = {
			isa = PBXNativeTarget;
			buildConfigurationList = 1DC689272AD762EC009832C4 /* Build configuration list for PBXNativeTarget "MyTimer1Tests" */;
			buildPhases = (
				1DC6890C2AD762EC009832C4 /* Sources */,
				1DC6890D2AD762EC009832C4 /* Frameworks */,
				1DC6890E2AD762EC009832C4 /* Resources */,
			);
			buildRules = (
			);
			dependencies = (
				1DC689122AD762EC009832C4 /* PBXTargetDependency */,
			);
			name = MyTimer1Tests;
			productName = MyTimer1Tests;
			productReference = 1DC689102AD762EC009832C4 /* MyTimer1Tests.xctest */;
			productType = "com.apple.product-type.bundle.unit-test";
		};
		1DC689192AD762EC009832C4 /* MyTimer1UITests */ = {
			isa = PBXNativeTarget;
			buildConfigurationList = 1DC6892A2AD762EC009832C4 /* Build configuration list for PBXNativeTarget "MyTimer1UITests" */;
			buildPhases = (
				1DC689162AD762EC009832C4 /* Sources */,
				1DC689172AD762EC009832C4 /* Frameworks */,
				1DC689182AD762EC009832C4 /* Resources */,
			);
			buildRules = (
			);
			dependencies = (
				1DC6891C2AD762EC009832C4 /* PBXTargetDependency */,
			);
			name = MyTimer1UITests;
			productName = MyTimer1UITests;
			productReference = 1DC6891A2AD762EC009832C4 /* MyTimer1UITests.xctest */;
			productType = "com.apple.product-type.bundle.ui-testing";
		};
/* End PBXNativeTarget section */

/* Begin PBXProject section */
		1DC688F82AD762EB009832C4 /* Project object */ = {
			isa = PBXProject;
			attributes = {
				BuildIndependentTargetsInParallel = 1;
				LastSwiftUpdateCheck = 1500;
				LastUpgradeCheck = 1500;
				TargetAttributes = {
					1DC688FF2AD762EB009832C4 = {
						CreatedOnToolsVersion = 15.0;
					};
					1DC6890F2AD762EC009832C4 = {
						CreatedOnToolsVersion = 15.0;
						TestTargetID = 1DC688FF2AD762EB009832C4;
					};
					1DC689192AD762EC009832C4 = {
						CreatedOnToolsVersion = 15.0;
						TestTargetID = 1DC688FF2AD762EB009832C4;
					};
				};
			};
			buildConfigurationList = 1DC688FB2AD762EB009832C4 /* Build configuration list for PBXProject "MyTimer1" */;
			compatibilityVersion = "Xcode 14.0";
			developmentRegion = en;
			hasScannedForEncodings = 0;
			knownRegions = (
				en,
				Base,
			);
			mainGroup = 1DC688F72AD762EB009832C4;
			productRefGroup = 1DC689012AD762EB009832C4 /* Products */;
			projectDirPath = "";
			projectRoot = "";
			targets = (
				1DC688FF2AD762EB009832C4 /* MyTimer1 */,
				1DC6890F2AD762EC009832C4 /* MyTimer1Tests */,
				1DC689192AD762EC009832C4 /* MyTimer1UITests */,
			);
		};
/* End PBXProject section */

/* Begin PBXResourcesBuildPhase section */
		1DC688FE2AD762EB009832C4 /* Resources */ = {
			isa = PBXResourcesBuildPhase;
			buildActionMask = 2147483647;
			files = (
				1DC6890B2AD762EC009832C4 /* Preview Assets.xcassets in Resources */,
				1DC689082AD762EC009832C4 /* Assets.xcassets in Resources */,
			);
			runOnlyForDeploymentPostprocessing = 0;
		};
		1DC6890E2AD762EC009832C4 /* Resources */ = {
			isa = PBXResourcesBuildPhase;
			buildActionMask = 2147483647;
			files = (
			);
			runOnlyForDeploymentPostprocessing = 0;
		};
		1DC689182AD762EC009832C4 /* Resources */ = {
			isa = PBXResourcesBuildPhase;
			buildActionMask = 2147483647;
			files = (
			);
			runOnlyForDeploymentPostprocessing = 0;
		};
/* End PBXResourcesBuildPhase section */

/* Begin PBXSourcesBuildPhase section */
		1DC688FC2AD762EB009832C4 /* Sources */ = {
			isa = PBXSourcesBuildPhase;
			buildActionMask = 2147483647;
			files = (
				1DC6892E2AD76329009832C4 /* SettingView.swift in Sources */,
				1DC689062AD762EB009832C4 /* ContentView.swift in Sources */,
				1DC689042AD762EB009832C4 /* MyTimer1App.swift in Sources */,
			);
			runOnlyForDeploymentPostprocessing = 0;
		};
		1DC6890C2AD762EC009832C4 /* Sources */ = {
			isa = PBXSourcesBuildPhase;
			buildActionMask = 2147483647;
			files = (
				1DC689152AD762EC009832C4 /* MyTimer1Tests.swift in Sources */,
			);
			runOnlyForDeploymentPostprocessing = 0;
		};
		1DC689162AD762EC009832C4 /* Sources */ = {
			isa = PBXSourcesBuildPhase;
			buildActionMask = 2147483647;
			files = (
				1DC689212AD762EC009832C4 /* MyTimer1UITestsLaunchTests.swift in Sources */,
				1DC6891F2AD762EC009832C4 /* MyTimer1UITests.swift in Sources */,
			);
			runOnlyForDeploymentPostprocessing = 0;
		};
/* End PBXSourcesBuildPhase section */

/* Begin PBXTargetDependency section */
		1DC689122AD762EC009832C4 /* PBXTargetDependency */ = {
			isa = PBXTargetDependency;
			target = 1DC688FF2AD762EB009832C4 /* MyTimer1 */;
			targetProxy = 1DC689112AD762EC009832C4 /* PBXContainerItemProxy */;
		};
		1DC6891C2AD762EC009832C4 /* PBXTargetDependency */ = {
			isa = PBXTargetDependency;
			target = 1DC688FF2AD762EB009832C4 /* MyTimer1 */;
			targetProxy = 1DC6891B2AD762EC009832C4 /* PBXContainerItemProxy */;
		};
/* End PBXTargetDependency section */

/* Begin XCBuildConfiguration section */
		1DC689222AD762EC009832C4 /* Debug */ = {
			isa = XCBuildConfiguration;
			buildSettings = {
				ALWAYS_SEARCH_USER_PATHS = NO;
				ASSETCATALOG_COMPILER_GENERATE_SWIFT_ASSET_SYMBOL_EXTENSIONS = YES;
				CLANG_ANALYZER_NONNULL = YES;
				CLANG_ANALYZER_NUMBER_OBJECT_CONVERSION = YES_AGGRESSIVE;
				CLANG_CXX_LANGUAGE_STANDARD = "gnu++20";
				CLANG_ENABLE_MODULES = YES;
				CLANG_ENABLE_OBJC_ARC = YES;
				CLANG_ENABLE_OBJC_WEAK = YES;
				CLANG_WARN_BLOCK_CAPTURE_AUTORELEASING = YES;
				CLANG_WARN_BOOL_CONVERSION = YES;
				CLANG_WARN_COMMA = YES;
				CLANG_WARN_CONSTANT_CONVERSION = YES;
				CLANG_WARN_DEPRECATED_OBJC_IMPLEMENTATIONS = YES;
				CLANG_WARN_DIRECT_OBJC_ISA_USAGE = YES_ERROR;
				CLANG_WARN_DOCUMENTATION_COMMENTS = YES;
				CLANG_WARN_EMPTY_BODY = YES;
				CLANG_WARN_ENUM_CONVERSION = YES;
				CLANG_WARN_INFINITE_RECURSION = YES;
				CLANG_WARN_INT_CONVERSION = YES;
				CLANG_WARN_NON_LITERAL_NULL_CONVERSION = YES;
				CLANG_WARN_OBJC_IMPLICIT_RETAIN_SELF = YES;
				CLANG_WARN_OBJC_LITERAL_CONVERSION = YES;
				CLANG_WARN_OBJC_ROOT_CLASS = YES_ERROR;
				CLANG_WARN_QUOTED_INCLUDE_IN_FRAMEWORK_HEADER = YES;
				CLANG_WARN_RANGE_LOOP_ANALYSIS = YES;
				CLANG_WARN_STRICT_PROTOTYPES = YES;
				CLANG_WARN_SUSPICIOUS_MOVE = YES;
				CLANG_WARN_UNGUARDED_AVAILABILITY = YES_AGGRESSIVE;
				CLANG_WARN_UNREACHABLE_CODE = YES;
				CLANG_WARN__DUPLICATE_METHOD_MATCH = YES;
				COPY_PHASE_STRIP = NO;
				DEBUG_INFORMATION_FORMAT = dwarf;
				ENABLE_STRICT_OBJC_MSGSEND = YES;
				ENABLE_TESTABILITY = YES;
				ENABLE_USER_SCRIPT_SANDBOXING = YES;
				GCC_C_LANGUAGE_STANDARD = gnu17;
				GCC_DYNAMIC_NO_PIC = NO;
				GCC_NO_COMMON_BLOCKS = YES;
				GCC_OPTIMIZATION_LEVEL = 0;
				GCC_PREPROCESSOR_DEFINITIONS = (
					"DEBUG=1",
					"$(inherited)",
				);
				GCC_WARN_64_TO_32_BIT_CONVERSION = YES;
				GCC_WARN_ABOUT_RETURN_TYPE = YES_ERROR;
				GCC_WARN_UNDECLARED_SELECTOR = YES;
				GCC_WARN_UNINITIALIZED_AUTOS = YES_AGGRESSIVE;
				GCC_WARN_UNUSED_FUNCTION = YES;
				GCC_WARN_UNUSED_VARIABLE = YES;
				IPHONEOS_DEPLOYMENT_TARGET = 17.0;
				LOCALIZATION_PREFERS_STRING_CATALOGS = YES;
				MTL_ENABLE_DEBUG_INFO = INCLUDE_SOURCE;
				MTL_FAST_MATH = YES;
				ONLY_ACTIVE_ARCH = YES;
				SDKROOT = iphoneos;
				SWIFT_ACTIVE_COMPILATION_CONDITIONS = "DEBUG $(inherited)";
				SWIFT_OPTIMIZATION_LEVEL = "-Onone";
			};
			name = Debug;
		};
		1DC689232AD762EC009832C4 /* Release */ = {
			isa = XCBuildConfiguration;
			buildSettings = {
				ALWAYS_SEARCH_USER_PATHS = NO;
				ASSETCATALOG_COMPILER_GENERATE_SWIFT_ASSET_SYMBOL_EXTENSIONS = YES;
				CLANG_ANALYZER_NONNULL = YES;
				CLANG_ANALYZER_NUMBER_OBJECT_CONVERSION = YES_AGGRESSIVE;
				CLANG_CXX_LANGUAGE_STANDARD = "gnu++20";
				CLANG_ENABLE_MODULES = YES;
				CLANG_ENABLE_OBJC_ARC = YES;
				CLANG_ENABLE_OBJC_WEAK = YES;
				CLANG_WARN_BLOCK_CAPTURE_AUTORELEASING = YES;
				CLANG_WARN_BOOL_CONVERSION = YES;
				CLANG_WARN_COMMA = YES;
				CLANG_WARN_CONSTANT_CONVERSION = YES;
				CLANG_WARN_DEPRECATED_OBJC_IMPLEMENTATIONS = YES;
				CLANG_WARN_DIRECT_OBJC_ISA_USAGE = YES_ERROR;
				CLANG_WARN_DOCUMENTATION_COMMENTS = YES;
				CLANG_WARN_EMPTY_BODY = YES;
				CLANG_WARN_ENUM_CONVERSION = YES;
				CLANG_WARN_INFINITE_RECURSION = YES;
				CLANG_WARN_INT_CONVERSION = YES;
				CLANG_WARN_NON_LITERAL_NULL_CONVERSION = YES;
				CLANG_WARN_OBJC_IMPLICIT_RETAIN_SELF = YES;
				CLANG_WARN_OBJC_LITERAL_CONVERSION = YES;
				CLANG_WARN_OBJC_ROOT_CLASS = YES_ERROR;
				CLANG_WARN_QUOTED_INCLUDE_IN_FRAMEWORK_HEADER = YES;
				CLANG_WARN_RANGE_LOOP_ANALYSIS = YES;
				CLANG_WARN_STRICT_PROTOTYPES = YES;
				CLANG_WARN_SUSPICIOUS_MOVE = YES;
				CLANG_WARN_UNGUARDED_AVAILABILITY = YES_AGGRESSIVE;
				CLANG_WARN_UNREACHABLE_CODE = YES;
				CLANG_WARN__DUPLICATE_METHOD_MATCH = YES;
				COPY_PHASE_STRIP = NO;
				DEBUG_INFORMATION_FORMAT = "dwarf-with-dsym";
				ENABLE_NS_ASSERTIONS = NO;
				ENABLE_STRICT_OBJC_MSGSEND = YES;
				ENABLE_USER_SCRIPT_SANDBOXING = YES;
				GCC_C_LANGUAGE_STANDARD = gnu17;
				GCC_NO_COMMON_BLOCKS = YES;
				GCC_WARN_64_TO_32_BIT_CONVERSION = YES;
				GCC_WARN_ABOUT_RETURN_TYPE = YES_ERROR;
				GCC_WARN_UNDECLARED_SELECTOR = YES;
				GCC_WARN_UNINITIALIZED_AUTOS = YES_AGGRESSIVE;
				GCC_WARN_UNUSED_FUNCTION = YES;
				GCC_WARN_UNUSED_VARIABLE = YES;
				IPHONEOS_DEPLOYMENT_TARGET = 17.0;
				LOCALIZATION_PREFERS_STRING_CATALOGS = YES;
				MTL_ENABLE_DEBUG_INFO = NO;
				MTL_FAST_MATH = YES;
				SDKROOT = iphoneos;
				SWIFT_COMPILATION_MODE = wholemodule;
				VALIDATE_PRODUCT = YES;
			};
			name = Release;
		};
		1DC689252AD762EC009832C4 /* Debug */ = {
			isa = XCBuildConfiguration;
			buildSettings = {
				ASSETCATALOG_COMPILER_APPICON_NAME = AppIcon;
				ASSETCATALOG_COMPILER_GLOBAL_ACCENT_COLOR_NAME = AccentColor;
				CODE_SIGN_STYLE = Automatic;
				CURRENT_PROJECT_VERSION = 1;
				DEVELOPMENT_ASSET_PATHS = "\"MyTimer1/Preview Content\"";
				ENABLE_PREVIEWS = YES;
				GENERATE_INFOPLIST_FILE = YES;
				INFOPLIST_KEY_UIApplicationSceneManifest_Generation = YES;
				INFOPLIST_KEY_UIApplicationSupportsIndirectInputEvents = YES;
				INFOPLIST_KEY_UILaunchScreen_Generation = YES;
				INFOPLIST_KEY_UISupportedInterfaceOrientations_iPad = "UIInterfaceOrientationPortrait UIInterfaceOrientationPortraitUpsideDown UIInterfaceOrientationLandscapeLeft UIInterfaceOrientationLandscapeRight";
				INFOPLIST_KEY_UISupportedInterfaceOrientations_iPhone = "UIInterfaceOrientationPortrait UIInterfaceOrientationLandscapeLeft UIInterfaceOrientationLandscapeRight";
				LD_RUNPATH_SEARCH_PATHS = (
					"$(inherited)",
					"@executable_path/Frameworks",
				);
				MARKETING_VERSION = 1.0;
				PRODUCT_BUNDLE_IDENTIFIER = com.kakutagawa.MyTimer1;
				PRODUCT_NAME = "$(TARGET_NAME)";
				SWIFT_EMIT_LOC_STRINGS = YES;
				SWIFT_VERSION = 5.0;
				TARGETED_DEVICE_FAMILY = "1,2";
			};
			name = Debug;
		};
		1DC689262AD762EC009832C4 /* Release */ = {
			isa = XCBuildConfiguration;
			buildSettings = {
				ASSETCATALOG_COMPILER_APPICON_NAME = AppIcon;
				ASSETCATALOG_COMPILER_GLOBAL_ACCENT_COLOR_NAME = AccentColor;
				CODE_SIGN_STYLE = Automatic;
				CURRENT_PROJECT_VERSION = 1;
				DEVELOPMENT_ASSET_PATHS = "\"MyTimer1/Preview Content\"";
				ENABLE_PREVIEWS = YES;
				GENERATE_INFOPLIST_FILE = YES;
				INFOPLIST_KEY_UIApplicationSceneManifest_Generation = YES;
				INFOPLIST_KEY_UIApplicationSupportsIndirectInputEvents = YES;
				INFOPLIST_KEY_UILaunchScreen_Generation = YES;
				INFOPLIST_KEY_UISupportedInterfaceOrientations_iPad = "UIInterfaceOrientationPortrait UIInterfaceOrientationPortraitUpsideDown UIInterfaceOrientationLandscapeLeft UIInterfaceOrientationLandscapeRight";
				INFOPLIST_KEY_UISupportedInterfaceOrientations_iPhone = "UIInterfaceOrientationPortrait UIInterfaceOrientationLandscapeLeft UIInterfaceOrientationLandscapeRight";
				LD_RUNPATH_SEARCH_PATHS = (
					"$(inherited)",
					"@executable_path/Frameworks",
				);
				MARKETING_VERSION = 1.0;
				PRODUCT_BUNDLE_IDENTIFIER = com.kakutagawa.MyTimer1;
				PRODUCT_NAME = "$(TARGET_NAME)";
				SWIFT_EMIT_LOC_STRINGS = YES;
				SWIFT_VERSION = 5.0;
				TARGETED_DEVICE_FAMILY = "1,2";
			};
			name = Release;
		};
		1DC689282AD762EC009832C4 /* Debug */ = {
			isa = XCBuildConfiguration;
			buildSettings = {
				ALWAYS_EMBED_SWIFT_STANDARD_LIBRARIES = YES;
				BUNDLE_LOADER = "$(TEST_HOST)";
				CODE_SIGN_STYLE = Automatic;
				CURRENT_PROJECT_VERSION = 1;
				GENERATE_INFOPLIST_FILE = YES;
				IPHONEOS_DEPLOYMENT_TARGET = 17.0;
				MARKETING_VERSION = 1.0;
				PRODUCT_BUNDLE_IDENTIFIER = com.kakutagawa.MyTimer1Tests;
				PRODUCT_NAME = "$(TARGET_NAME)";
				SWIFT_EMIT_LOC_STRINGS = NO;
				SWIFT_VERSION = 5.0;
				TARGETED_DEVICE_FAMILY = "1,2";
				TEST_HOST = "$(BUILT_PRODUCTS_DIR)/MyTimer1.app/$(BUNDLE_EXECUTABLE_FOLDER_PATH)/MyTimer1";
			};
			name = Debug;
		};
		1DC689292AD762EC009832C4 /* Release */ = {
			isa = XCBuildConfiguration;
			buildSettings = {
				ALWAYS_EMBED_SWIFT_STANDARD_LIBRARIES = YES;
				BUNDLE_LOADER = "$(TEST_HOST)";
				CODE_SIGN_STYLE = Automatic;
				CURRENT_PROJECT_VERSION = 1;
				GENERATE_INFOPLIST_FILE = YES;
				IPHONEOS_DEPLOYMENT_TARGET = 17.0;
				MARKETING_VERSION = 1.0;
				PRODUCT_BUNDLE_IDENTIFIER = com.kakutagawa.MyTimer1Tests;
				PRODUCT_NAME = "$(TARGET_NAME)";
				SWIFT_EMIT_LOC_STRINGS = NO;
				SWIFT_VERSION = 5.0;
				TARGETED_DEVICE_FAMILY = "1,2";
				TEST_HOST = "$(BUILT_PRODUCTS_DIR)/MyTimer1.app/$(BUNDLE_EXECUTABLE_FOLDER_PATH)/MyTimer1";
			};
			name = Release;
		};
		1DC6892B2AD762EC009832C4 /* Debug */ = {
			isa = XCBuildConfiguration;
			buildSettings = {
				ALWAYS_EMBED_SWIFT_STANDARD_LIBRARIES = YES;
				CODE_SIGN_STYLE = Automatic;
				CURRENT_PROJECT_VERSION = 1;
				GENERATE_INFOPLIST_FILE = YES;
				MARKETING_VERSION = 1.0;
				PRODUCT_BUNDLE_IDENTIFIER = com.kakutagawa.MyTimer1UITests;
				PRODUCT_NAME = "$(TARGET_NAME)";
				SWIFT_EMIT_LOC_STRINGS = NO;
				SWIFT_VERSION = 5.0;
				TARGETED_DEVICE_FAMILY = "1,2";
				TEST_TARGET_NAME = MyTimer1;
			};
			name = Debug;
		};
		1DC6892C2AD762EC009832C4 /* Release */ = {
			isa = XCBuildConfiguration;
			buildSettings = {
				ALWAYS_EMBED_SWIFT_STANDARD_LIBRARIES = YES;
				CODE_SIGN_STYLE = Automatic;
				CURRENT_PROJECT_VERSION = 1;
				GENERATE_INFOPLIST_FILE = YES;
				MARKETING_VERSION = 1.0;
				PRODUCT_BUNDLE_IDENTIFIER = com.kakutagawa.MyTimer1UITests;
				PRODUCT_NAME = "$(TARGET_NAME)";
				SWIFT_EMIT_LOC_STRINGS = NO;
				SWIFT_VERSION = 5.0;
				TARGETED_DEVICE_FAMILY = "1,2";
				TEST_TARGET_NAME = MyTimer1;
			};
			name = Release;
		};
/* End XCBuildConfiguration section */

/* Begin XCConfigurationList section */
		1DC688FB2AD762EB009832C4 /* Build configuration list for PBXProject "MyTimer1" */ = {
			isa = XCConfigurationList;
			buildConfigurations = (
				1DC689222AD762EC009832C4 /* Debug */,
				1DC689232AD762EC009832C4 /* Release */,
			);
			defaultConfigurationIsVisible = 0;
			defaultConfigurationName = Release;
		};
		1DC689242AD762EC009832C4 /* Build configuration list for PBXNativeTarget "MyTimer1" */ = {
			isa = XCConfigurationList;
			buildConfigurations = (
				1DC689252AD762EC009832C4 /* Debug */,
				1DC689262AD762EC009832C4 /* Release */,
			);
			defaultConfigurationIsVisible = 0;
			defaultConfigurationName = Release;
		};
		1DC689272AD762EC009832C4 /* Build configuration list for PBXNativeTarget "MyTimer1Tests" */ = {
			isa = XCConfigurationList;
			buildConfigurations = (
				1DC689282AD762EC009832C4 /* Debug */,
				1DC689292AD762EC009832C4 /* Release */,
			);
			defaultConfigurationIsVisible = 0;
			defaultConfigurationName = Release;
		};
		1DC6892A2AD762EC009832C4 /* Build configuration list for PBXNativeTarget "MyTimer1UITests" */ = {
			isa = XCConfigurationList;
			buildConfigurations = (
				1DC6892B2AD762EC009832C4 /* Debug */,
				1DC6892C2AD762EC009832C4 /* Release */,
			);
			defaultConfigurationIsVisible = 0;
			defaultConfigurationName = Release;
		};
/* End XCConfigurationList section */
	};
	rootObject = 1DC688F82AD762EB009832C4 /* Project object */;
}
