// !$*UTF8*$!
{
	archiveVersion = 1;
	classes = {
	};
	objectVersion = 56;
	objects = {

/* Begin PBXBuildFile section */
		1D5719C82AD4B6D6007BEE31 /* MyMusic1App.swift in Sources */ = {isa = PBXBuildFile; fileRef = 1D5719C72AD4B6D6007BEE31 /* MyMusic1App.swift */; };
		1D5719CA2AD4B6D6007BEE31 /* ContentView.swift in Sources */ = {isa = PBXBuildFile; fileRef = 1D5719C92AD4B6D6007BEE31 /* ContentView.swift */; };
		1D5719CC2AD4B6D8007BEE31 /* Assets.xcassets in Resources */ = {isa = PBXBuildFile; fileRef = 1D5719CB2AD4B6D8007BEE31 /* Assets.xcassets */; };
		1D5719CF2AD4B6D8007BEE31 /* Preview Assets.xcassets in Resources */ = {isa = PBXBuildFile; fileRef = 1D5719CE2AD4B6D8007BEE31 /* Preview Assets.xcassets */; };
		1D5719D92AD4B6D9007BEE31 /* MyMusic1Tests.swift in Sources */ = {isa = PBXBuildFile; fileRef = 1D5719D82AD4B6D9007BEE31 /* MyMusic1Tests.swift */; };
		1D5719E32AD4B6D9007BEE31 /* MyMusic1UITests.swift in Sources */ = {isa = PBXBuildFile; fileRef = 1D5719E22AD4B6D9007BEE31 /* MyMusic1UITests.swift */; };
		1D5719E52AD4B6D9007BEE31 /* MyMusic1UITestsLaunchTests.swift in Sources */ = {isa = PBXBuildFile; fileRef = 1D5719E42AD4B6D9007BEE31 /* MyMusic1UITestsLaunchTests.swift */; };
		1D5719F22AD4B950007BEE31 /* SoundPlayer.swift in Sources */ = {isa = PBXBuildFile; fileRef = 1D5719F12AD4B950007BEE31 /* SoundPlayer.swift */; };
		1D5719F42AD59460007BEE31 /* BackgroundView.swift in Sources */ = {isa = PBXBuildFile; fileRef = 1D5719F32AD59460007BEE31 /* BackgroundView.swift */; };
/* End PBXBuildFile section */

/* Begin PBXContainerItemProxy section */
		1D5719D52AD4B6D9007BEE31 /* PBXContainerItemProxy */ = {
			isa = PBXContainerItemProxy;
			containerPortal = 1D5719BC2AD4B6D6007BEE31 /* Project object */;
			proxyType = 1;
			remoteGlobalIDString = 1D5719C32AD4B6D6007BEE31;
			remoteInfo = MyMusic1;
		};
		1D5719DF2AD4B6D9007BEE31 /* PBXContainerItemProxy */ = {
			isa = PBXContainerItemProxy;
			containerPortal = 1D5719BC2AD4B6D6007BEE31 /* Project object */;
			proxyType = 1;
			remoteGlobalIDString = 1D5719C32AD4B6D6007BEE31;
			remoteInfo = MyMusic1;
		};
/* End PBXContainerItemProxy section */

/* Begin PBXFileReference section */
		1D5719C42AD4B6D6007BEE31 /* MyMusic1.app */ = {isa = PBXFileReference; explicitFileType = wrapper.application; includeInIndex = 0; path = MyMusic1.app; sourceTree = BUILT_PRODUCTS_DIR; };
		1D5719C72AD4B6D6007BEE31 /* MyMusic1App.swift */ = {isa = PBXFileReference; lastKnownFileType = sourcecode.swift; path = MyMusic1App.swift; sourceTree = "<group>"; };
		1D5719C92AD4B6D6007BEE31 /* ContentView.swift */ = {isa = PBXFileReference; lastKnownFileType = sourcecode.swift; path = ContentView.swift; sourceTree = "<group>"; };
		1D5719CB2AD4B6D8007BEE31 /* Assets.xcassets */ = {isa = PBXFileReference; lastKnownFileType = folder.assetcatalog; path = Assets.xcassets; sourceTree = "<group>"; };
		1D5719CE2AD4B6D8007BEE31 /* Preview Assets.xcassets */ = {isa = PBXFileReference; lastKnownFileType = folder.assetcatalog; path = "Preview Assets.xcassets"; sourceTree = "<group>"; };
		1D5719D42AD4B6D9007BEE31 /* MyMusic1Tests.xctest */ = {isa = PBXFileReference; explicitFileType = wrapper.cfbundle; includeInIndex = 0; path = MyMusic1Tests.xctest; sourceTree = BUILT_PRODUCTS_DIR; };
		1D5719D82AD4B6D9007BEE31 /* MyMusic1Tests.swift */ = {isa = PBXFileReference; lastKnownFileType = sourcecode.swift; path = MyMusic1Tests.swift; sourceTree = "<group>"; };
		1D5719DE2AD4B6D9007BEE31 /* MyMusic1UITests.xctest */ = {isa = PBXFileReference; explicitFileType = wrapper.cfbundle; includeInIndex = 0; path = MyMusic1UITests.xctest; sourceTree = BUILT_PRODUCTS_DIR; };
		1D5719E22AD4B6D9007BEE31 /* MyMusic1UITests.swift */ = {isa = PBXFileReference; lastKnownFileType = sourcecode.swift; path = MyMusic1UITests.swift; sourceTree = "<group>"; };
		1D5719E42AD4B6D9007BEE31 /* MyMusic1UITestsLaunchTests.swift */ = {isa = PBXFileReference; lastKnownFileType = sourcecode.swift; path = MyMusic1UITestsLaunchTests.swift; sourceTree = "<group>"; };
		1D5719F12AD4B950007BEE31 /* SoundPlayer.swift */ = {isa = PBXFileReference; lastKnownFileType = sourcecode.swift; path = SoundPlayer.swift; sourceTree = "<group>"; };
		1D5719F32AD59460007BEE31 /* BackgroundView.swift */ = {isa = PBXFileReference; lastKnownFileType = sourcecode.swift; path = BackgroundView.swift; sourceTree = "<group>"; };
/* End PBXFileReference section */

/* Begin PBXFrameworksBuildPhase section */
		1D5719C12AD4B6D6007BEE31 /* Frameworks */ = {
			isa = PBXFrameworksBuildPhase;
			buildActionMask = 2147483647;
			files = (
			);
			runOnlyForDeploymentPostprocessing = 0;
		};
		1D5719D12AD4B6D9007BEE31 /* Frameworks */ = {
			isa = PBXFrameworksBuildPhase;
			buildActionMask = 2147483647;
			files = (
			);
			runOnlyForDeploymentPostprocessing = 0;
		};
		1D5719DB2AD4B6D9007BEE31 /* Frameworks */ = {
			isa = PBXFrameworksBuildPhase;
			buildActionMask = 2147483647;
			files = (
			);
			runOnlyForDeploymentPostprocessing = 0;
		};
/* End PBXFrameworksBuildPhase section */

/* Begin PBXGroup section */
		1D5719BB2AD4B6D6007BEE31 = {
			isa = PBXGroup;
			children = (
				1D5719C62AD4B6D6007BEE31 /* MyMusic1 */,
				1D5719D72AD4B6D9007BEE31 /* MyMusic1Tests */,
				1D5719E12AD4B6D9007BEE31 /* MyMusic1UITests */,
				1D5719C52AD4B6D6007BEE31 /* Products */,
			);
			sourceTree = "<group>";
		};
		1D5719C52AD4B6D6007BEE31 /* Products */ = {
			isa = PBXGroup;
			children = (
				1D5719C42AD4B6D6007BEE31 /* MyMusic1.app */,
				1D5719D42AD4B6D9007BEE31 /* MyMusic1Tests.xctest */,
				1D5719DE2AD4B6D9007BEE31 /* MyMusic1UITests.xctest */,
			);
			name = Products;
			sourceTree = "<group>";
		};
		1D5719C62AD4B6D6007BEE31 /* MyMusic1 */ = {
			isa = PBXGroup;
			children = (
				1D5719C72AD4B6D6007BEE31 /* MyMusic1App.swift */,
				1D5719C92AD4B6D6007BEE31 /* ContentView.swift */,
				1D5719F32AD59460007BEE31 /* BackgroundView.swift */,
				1D5719F12AD4B950007BEE31 /* SoundPlayer.swift */,
				1D5719CB2AD4B6D8007BEE31 /* Assets.xcassets */,
				1D5719CD2AD4B6D8007BEE31 /* Preview Content */,
			);
			path = MyMusic1;
			sourceTree = "<group>";
		};
		1D5719CD2AD4B6D8007BEE31 /* Preview Content */ = {
			isa = PBXGroup;
			children = (
				1D5719CE2AD4B6D8007BEE31 /* Preview Assets.xcassets */,
			);
			path = "Preview Content";
			sourceTree = "<group>";
		};
		1D5719D72AD4B6D9007BEE31 /* MyMusic1Tests */ = {
			isa = PBXGroup;
			children = (
				1D5719D82AD4B6D9007BEE31 /* MyMusic1Tests.swift */,
			);
			path = MyMusic1Tests;
			sourceTree = "<group>";
		};
		1D5719E12AD4B6D9007BEE31 /* MyMusic1UITests */ = {
			isa = PBXGroup;
			children = (
				1D5719E22AD4B6D9007BEE31 /* MyMusic1UITests.swift */,
				1D5719E42AD4B6D9007BEE31 /* MyMusic1UITestsLaunchTests.swift */,
			);
			path = MyMusic1UITests;
			sourceTree = "<group>";
		};
/* End PBXGroup section */

/* Begin PBXNativeTarget section */
		1D5719C32AD4B6D6007BEE31 /* MyMusic1 */ = {
			isa = PBXNativeTarget;
			buildConfigurationList = 1D5719E82AD4B6D9007BEE31 /* Build configuration list for PBXNativeTarget "MyMusic1" */;
			buildPhases = (
				1D5719C02AD4B6D6007BEE31 /* Sources */,
				1D5719C12AD4B6D6007BEE31 /* Frameworks */,
				1D5719C22AD4B6D6007BEE31 /* Resources */,
			);
			buildRules = (
			);
			dependencies = (
			);
			name = MyMusic1;
			productName = MyMusic1;
			productReference = 1D5719C42AD4B6D6007BEE31 /* MyMusic1.app */;
			productType = "com.apple.product-type.application";
		};
		1D5719D32AD4B6D9007BEE31 /* MyMusic1Tests */ = {
			isa = PBXNativeTarget;
			buildConfigurationList = 1D5719EB2AD4B6D9007BEE31 /* Build configuration list for PBXNativeTarget "MyMusic1Tests" */;
			buildPhases = (
				1D5719D02AD4B6D9007BEE31 /* Sources */,
				1D5719D12AD4B6D9007BEE31 /* Frameworks */,
				1D5719D22AD4B6D9007BEE31 /* Resources */,
			);
			buildRules = (
			);
			dependencies = (
				1D5719D62AD4B6D9007BEE31 /* PBXTargetDependency */,
			);
			name = MyMusic1Tests;
			productName = MyMusic1Tests;
			productReference = 1D5719D42AD4B6D9007BEE31 /* MyMusic1Tests.xctest */;
			productType = "com.apple.product-type.bundle.unit-test";
		};
		1D5719DD2AD4B6D9007BEE31 /* MyMusic1UITests */ = {
			isa = PBXNativeTarget;
			buildConfigurationList = 1D5719EE2AD4B6D9007BEE31 /* Build configuration list for PBXNativeTarget "MyMusic1UITests" */;
			buildPhases = (
				1D5719DA2AD4B6D9007BEE31 /* Sources */,
				1D5719DB2AD4B6D9007BEE31 /* Frameworks */,
				1D5719DC2AD4B6D9007BEE31 /* Resources */,
			);
			buildRules = (
			);
			dependencies = (
				1D5719E02AD4B6D9007BEE31 /* PBXTargetDependency */,
			);
			name = MyMusic1UITests;
			productName = MyMusic1UITests;
			productReference = 1D5719DE2AD4B6D9007BEE31 /* MyMusic1UITests.xctest */;
			productType = "com.apple.product-type.bundle.ui-testing";
		};
/* End PBXNativeTarget section */

/* Begin PBXProject section */
		1D5719BC2AD4B6D6007BEE31 /* Project object */ = {
			isa = PBXProject;
			attributes = {
				BuildIndependentTargetsInParallel = 1;
				LastSwiftUpdateCheck = 1500;
				LastUpgradeCheck = 1500;
				TargetAttributes = {
					1D5719C32AD4B6D6007BEE31 = {
						CreatedOnToolsVersion = 15.0;
					};
					1D5719D32AD4B6D9007BEE31 = {
						CreatedOnToolsVersion = 15.0;
						TestTargetID = 1D5719C32AD4B6D6007BEE31;
					};
					1D5719DD2AD4B6D9007BEE31 = {
						CreatedOnToolsVersion = 15.0;
						TestTargetID = 1D5719C32AD4B6D6007BEE31;
					};
				};
			};
			buildConfigurationList = 1D5719BF2AD4B6D6007BEE31 /* Build configuration list for PBXProject "MyMusic1" */;
			compatibilityVersion = "Xcode 14.0";
			developmentRegion = en;
			hasScannedForEncodings = 0;
			knownRegions = (
				en,
				Base,
			);
			mainGroup = 1D5719BB2AD4B6D6007BEE31;
			productRefGroup = 1D5719C52AD4B6D6007BEE31 /* Products */;
			projectDirPath = "";
			projectRoot = "";
			targets = (
				1D5719C32AD4B6D6007BEE31 /* MyMusic1 */,
				1D5719D32AD4B6D9007BEE31 /* MyMusic1Tests */,
				1D5719DD2AD4B6D9007BEE31 /* MyMusic1UITests */,
			);
		};
/* End PBXProject section */

/* Begin PBXResourcesBuildPhase section */
		1D5719C22AD4B6D6007BEE31 /* Resources */ = {
			isa = PBXResourcesBuildPhase;
			buildActionMask = 2147483647;
			files = (
				1D5719CF2AD4B6D8007BEE31 /* Preview Assets.xcassets in Resources */,
				1D5719CC2AD4B6D8007BEE31 /* Assets.xcassets in Resources */,
			);
			runOnlyForDeploymentPostprocessing = 0;
		};
		1D5719D22AD4B6D9007BEE31 /* Resources */ = {
			isa = PBXResourcesBuildPhase;
			buildActionMask = 2147483647;
			files = (
			);
			runOnlyForDeploymentPostprocessing = 0;
		};
		1D5719DC2AD4B6D9007BEE31 /* Resources */ = {
			isa = PBXResourcesBuildPhase;
			buildActionMask = 2147483647;
			files = (
			);
			runOnlyForDeploymentPostprocessing = 0;
		};
/* End PBXResourcesBuildPhase section */

/* Begin PBXSourcesBuildPhase section */
		1D5719C02AD4B6D6007BEE31 /* Sources */ = {
			isa = PBXSourcesBuildPhase;
			buildActionMask = 2147483647;
			files = (
				1D5719CA2AD4B6D6007BEE31 /* ContentView.swift in Sources */,
				1D5719F22AD4B950007BEE31 /* SoundPlayer.swift in Sources */,
				1D5719F42AD59460007BEE31 /* BackgroundView.swift in Sources */,
				1D5719C82AD4B6D6007BEE31 /* MyMusic1App.swift in Sources */,
			);
			runOnlyForDeploymentPostprocessing = 0;
		};
		1D5719D02AD4B6D9007BEE31 /* Sources */ = {
			isa = PBXSourcesBuildPhase;
			buildActionMask = 2147483647;
			files = (
				1D5719D92AD4B6D9007BEE31 /* MyMusic1Tests.swift in Sources */,
			);
			runOnlyForDeploymentPostprocessing = 0;
		};
		1D5719DA2AD4B6D9007BEE31 /* Sources */ = {
			isa = PBXSourcesBuildPhase;
			buildActionMask = 2147483647;
			files = (
				1D5719E52AD4B6D9007BEE31 /* MyMusic1UITestsLaunchTests.swift in Sources */,
				1D5719E32AD4B6D9007BEE31 /* MyMusic1UITests.swift in Sources */,
			);
			runOnlyForDeploymentPostprocessing = 0;
		};
/* End PBXSourcesBuildPhase section */

/* Begin PBXTargetDependency section */
		1D5719D62AD4B6D9007BEE31 /* PBXTargetDependency */ = {
			isa = PBXTargetDependency;
			target = 1D5719C32AD4B6D6007BEE31 /* MyMusic1 */;
			targetProxy = 1D5719D52AD4B6D9007BEE31 /* PBXContainerItemProxy */;
		};
		1D5719E02AD4B6D9007BEE31 /* PBXTargetDependency */ = {
			isa = PBXTargetDependency;
			target = 1D5719C32AD4B6D6007BEE31 /* MyMusic1 */;
			targetProxy = 1D5719DF2AD4B6D9007BEE31 /* PBXContainerItemProxy */;
		};
/* End PBXTargetDependency section */

/* Begin XCBuildConfiguration section */
		1D5719E62AD4B6D9007BEE31 /* Debug */ = {
			isa = XCBuildConfiguration;
			buildSettings = {
				ALWAYS_SEARCH_USER_PATHS = NO;
				ASSETCATALOG_COMPILER_GENERATE_SWIFT_ASSET_SYMBOL_EXTENSIONS = YES;
				CLANG_ANALYZER_NONNULL = YES;
				CLANG_ANALYZER_NUMBER_OBJECT_CONVERSION = YES_AGGRESSIVE;
				CLANG_CXX_LANGUAGE_STANDARD = "gnu++20";
				CLANG_ENABLE_MODULES = YES;
				CLANG_ENABLE_OBJC_ARC = YES;
				CLANG_ENABLE_OBJC_WEAK = YES;
				CLANG_WARN_BLOCK_CAPTURE_AUTORELEASING = YES;
				CLANG_WARN_BOOL_CONVERSION = YES;
				CLANG_WARN_COMMA = YES;
				CLANG_WARN_CONSTANT_CONVERSION = YES;
				CLANG_WARN_DEPRECATED_OBJC_IMPLEMENTATIONS = YES;
				CLANG_WARN_DIRECT_OBJC_ISA_USAGE = YES_ERROR;
				CLANG_WARN_DOCUMENTATION_COMMENTS = YES;
				CLANG_WARN_EMPTY_BODY = YES;
				CLANG_WARN_ENUM_CONVERSION = YES;
				CLANG_WARN_INFINITE_RECURSION = YES;
				CLANG_WARN_INT_CONVERSION = YES;
				CLANG_WARN_NON_LITERAL_NULL_CONVERSION = YES;
				CLANG_WARN_OBJC_IMPLICIT_RETAIN_SELF = YES;
				CLANG_WARN_OBJC_LITERAL_CONVERSION = YES;
				CLANG_WARN_OBJC_ROOT_CLASS = YES_ERROR;
				CLANG_WARN_QUOTED_INCLUDE_IN_FRAMEWORK_HEADER = YES;
				CLANG_WARN_RANGE_LOOP_ANALYSIS = YES;
				CLANG_WARN_STRICT_PROTOTYPES = YES;
				CLANG_WARN_SUSPICIOUS_MOVE = YES;
				CLANG_WARN_UNGUARDED_AVAILABILITY = YES_AGGRESSIVE;
				CLANG_WARN_UNREACHABLE_CODE = YES;
				CLANG_WARN__DUPLICATE_METHOD_MATCH = YES;
				COPY_PHASE_STRIP = NO;
				DEBUG_INFORMATION_FORMAT = dwarf;
				ENABLE_STRICT_OBJC_MSGSEND = YES;
				ENABLE_TESTABILITY = YES;
				ENABLE_USER_SCRIPT_SANDBOXING = YES;
				GCC_C_LANGUAGE_STANDARD = gnu17;
				GCC_DYNAMIC_NO_PIC = NO;
				GCC_NO_COMMON_BLOCKS = YES;
				GCC_OPTIMIZATION_LEVEL = 0;
				GCC_PREPROCESSOR_DEFINITIONS = (
					"DEBUG=1",
					"$(inherited)",
				);
				GCC_WARN_64_TO_32_BIT_CONVERSION = YES;
				GCC_WARN_ABOUT_RETURN_TYPE = YES_ERROR;
				GCC_WARN_UNDECLARED_SELECTOR = YES;
				GCC_WARN_UNINITIALIZED_AUTOS = YES_AGGRESSIVE;
				GCC_WARN_UNUSED_FUNCTION = YES;
				GCC_WARN_UNUSED_VARIABLE = YES;
				IPHONEOS_DEPLOYMENT_TARGET = 17.0;
				LOCALIZATION_PREFERS_STRING_CATALOGS = YES;
				MTL_ENABLE_DEBUG_INFO = INCLUDE_SOURCE;
				MTL_FAST_MATH = YES;
				ONLY_ACTIVE_ARCH = YES;
				SDKROOT = iphoneos;
				SWIFT_ACTIVE_COMPILATION_CONDITIONS = "DEBUG $(inherited)";
				SWIFT_OPTIMIZATION_LEVEL = "-Onone";
			};
			name = Debug;
		};
		1D5719E72AD4B6D9007BEE31 /* Release */ = {
			isa = XCBuildConfiguration;
			buildSettings = {
				ALWAYS_SEARCH_USER_PATHS = NO;
				ASSETCATALOG_COMPILER_GENERATE_SWIFT_ASSET_SYMBOL_EXTENSIONS = YES;
				CLANG_ANALYZER_NONNULL = YES;
				CLANG_ANALYZER_NUMBER_OBJECT_CONVERSION = YES_AGGRESSIVE;
				CLANG_CXX_LANGUAGE_STANDARD = "gnu++20";
				CLANG_ENABLE_MODULES = YES;
				CLANG_ENABLE_OBJC_ARC = YES;
				CLANG_ENABLE_OBJC_WEAK = YES;
				CLANG_WARN_BLOCK_CAPTURE_AUTORELEASING = YES;
				CLANG_WARN_BOOL_CONVERSION = YES;
				CLANG_WARN_COMMA = YES;
				CLANG_WARN_CONSTANT_CONVERSION = YES;
				CLANG_WARN_DEPRECATED_OBJC_IMPLEMENTATIONS = YES;
				CLANG_WARN_DIRECT_OBJC_ISA_USAGE = YES_ERROR;
				CLANG_WARN_DOCUMENTATION_COMMENTS = YES;
				CLANG_WARN_EMPTY_BODY = YES;
				CLANG_WARN_ENUM_CONVERSION = YES;
				CLANG_WARN_INFINITE_RECURSION = YES;
				CLANG_WARN_INT_CONVERSION = YES;
				CLANG_WARN_NON_LITERAL_NULL_CONVERSION = YES;
				CLANG_WARN_OBJC_IMPLICIT_RETAIN_SELF = YES;
				CLANG_WARN_OBJC_LITERAL_CONVERSION = YES;
				CLANG_WARN_OBJC_ROOT_CLASS = YES_ERROR;
				CLANG_WARN_QUOTED_INCLUDE_IN_FRAMEWORK_HEADER = YES;
				CLANG_WARN_RANGE_LOOP_ANALYSIS = YES;
				CLANG_WARN_STRICT_PROTOTYPES = YES;
				CLANG_WARN_SUSPICIOUS_MOVE = YES;
				CLANG_WARN_UNGUARDED_AVAILABILITY = YES_AGGRESSIVE;
				CLANG_WARN_UNREACHABLE_CODE = YES;
				CLANG_WARN__DUPLICATE_METHOD_MATCH = YES;
				COPY_PHASE_STRIP = NO;
				DEBUG_INFORMATION_FORMAT = "dwarf-with-dsym";
				ENABLE_NS_ASSERTIONS = NO;
				ENABLE_STRICT_OBJC_MSGSEND = YES;
				ENABLE_USER_SCRIPT_SANDBOXING = YES;
				GCC_C_LANGUAGE_STANDARD = gnu17;
				GCC_NO_COMMON_BLOCKS = YES;
				GCC_WARN_64_TO_32_BIT_CONVERSION = YES;
				GCC_WARN_ABOUT_RETURN_TYPE = YES_ERROR;
				GCC_WARN_UNDECLARED_SELECTOR = YES;
				GCC_WARN_UNINITIALIZED_AUTOS = YES_AGGRESSIVE;
				GCC_WARN_UNUSED_FUNCTION = YES;
				GCC_WARN_UNUSED_VARIABLE = YES;
				IPHONEOS_DEPLOYMENT_TARGET = 17.0;
				LOCALIZATION_PREFERS_STRING_CATALOGS = YES;
				MTL_ENABLE_DEBUG_INFO = NO;
				MTL_FAST_MATH = YES;
				SDKROOT = iphoneos;
				SWIFT_COMPILATION_MODE = wholemodule;
				VALIDATE_PRODUCT = YES;
			};
			name = Release;
		};
		1D5719E92AD4B6D9007BEE31 /* Debug */ = {
			isa = XCBuildConfiguration;
			buildSettings = {
				ASSETCATALOG_COMPILER_APPICON_NAME = AppIcon;
				ASSETCATALOG_COMPILER_GLOBAL_ACCENT_COLOR_NAME = AccentColor;
				CODE_SIGN_STYLE = Automatic;
				CURRENT_PROJECT_VERSION = 1;
				DEVELOPMENT_ASSET_PATHS = "\"MyMusic1/Preview Content\"";
				ENABLE_PREVIEWS = YES;
				GENERATE_INFOPLIST_FILE = YES;
				INFOPLIST_KEY_UIApplicationSceneManifest_Generation = YES;
				INFOPLIST_KEY_UIApplicationSupportsIndirectInputEvents = YES;
				INFOPLIST_KEY_UILaunchScreen_Generation = YES;
				INFOPLIST_KEY_UISupportedInterfaceOrientations_iPad = "UIInterfaceOrientationPortrait UIInterfaceOrientationPortraitUpsideDown UIInterfaceOrientationLandscapeLeft UIInterfaceOrientationLandscapeRight";
				INFOPLIST_KEY_UISupportedInterfaceOrientations_iPhone = "UIInterfaceOrientationPortrait UIInterfaceOrientationLandscapeLeft UIInterfaceOrientationLandscapeRight";
				LD_RUNPATH_SEARCH_PATHS = (
					"$(inherited)",
					"@executable_path/Frameworks",
				);
				MARKETING_VERSION = 1.0;
				PRODUCT_BUNDLE_IDENTIFIER = com.kakutagawa.MyMusic1;
				PRODUCT_NAME = "$(TARGET_NAME)";
				SWIFT_EMIT_LOC_STRINGS = YES;
				SWIFT_VERSION = 5.0;
				TARGETED_DEVICE_FAMILY = "1,2";
			};
			name = Debug;
		};
		1D5719EA2AD4B6D9007BEE31 /* Release */ = {
			isa = XCBuildConfiguration;
			buildSettings = {
				ASSETCATALOG_COMPILER_APPICON_NAME = AppIcon;
				ASSETCATALOG_COMPILER_GLOBAL_ACCENT_COLOR_NAME = AccentColor;
				CODE_SIGN_STYLE = Automatic;
				CURRENT_PROJECT_VERSION = 1;
				DEVELOPMENT_ASSET_PATHS = "\"MyMusic1/Preview Content\"";
				ENABLE_PREVIEWS = YES;
				GENERATE_INFOPLIST_FILE = YES;
				INFOPLIST_KEY_UIApplicationSceneManifest_Generation = YES;
				INFOPLIST_KEY_UIApplicationSupportsIndirectInputEvents = YES;
				INFOPLIST_KEY_UILaunchScreen_Generation = YES;
				INFOPLIST_KEY_UISupportedInterfaceOrientations_iPad = "UIInterfaceOrientationPortrait UIInterfaceOrientationPortraitUpsideDown UIInterfaceOrientationLandscapeLeft UIInterfaceOrientationLandscapeRight";
				INFOPLIST_KEY_UISupportedInterfaceOrientations_iPhone = "UIInterfaceOrientationPortrait UIInterfaceOrientationLandscapeLeft UIInterfaceOrientationLandscapeRight";
				LD_RUNPATH_SEARCH_PATHS = (
					"$(inherited)",
					"@executable_path/Frameworks",
				);
				MARKETING_VERSION = 1.0;
				PRODUCT_BUNDLE_IDENTIFIER = com.kakutagawa.MyMusic1;
				PRODUCT_NAME = "$(TARGET_NAME)";
				SWIFT_EMIT_LOC_STRINGS = YES;
				SWIFT_VERSION = 5.0;
				TARGETED_DEVICE_FAMILY = "1,2";
			};
			name = Release;
		};
		1D5719EC2AD4B6D9007BEE31 /* Debug */ = {
			isa = XCBuildConfiguration;
			buildSettings = {
				ALWAYS_EMBED_SWIFT_STANDARD_LIBRARIES = YES;
				BUNDLE_LOADER = "$(TEST_HOST)";
				CODE_SIGN_STYLE = Automatic;
				CURRENT_PROJECT_VERSION = 1;
				GENERATE_INFOPLIST_FILE = YES;
				IPHONEOS_DEPLOYMENT_TARGET = 17.0;
				MARKETING_VERSION = 1.0;
				PRODUCT_BUNDLE_IDENTIFIER = com.kakutagawa.MyMusic1Tests;
				PRODUCT_NAME = "$(TARGET_NAME)";
				SWIFT_EMIT_LOC_STRINGS = NO;
				SWIFT_VERSION = 5.0;
				TARGETED_DEVICE_FAMILY = "1,2";
				TEST_HOST = "$(BUILT_PRODUCTS_DIR)/MyMusic1.app/$(BUNDLE_EXECUTABLE_FOLDER_PATH)/MyMusic1";
			};
			name = Debug;
		};
		1D5719ED2AD4B6D9007BEE31 /* Release */ = {
			isa = XCBuildConfiguration;
			buildSettings = {
				ALWAYS_EMBED_SWIFT_STANDARD_LIBRARIES = YES;
				BUNDLE_LOADER = "$(TEST_HOST)";
				CODE_SIGN_STYLE = Automatic;
				CURRENT_PROJECT_VERSION = 1;
				GENERATE_INFOPLIST_FILE = YES;
				IPHONEOS_DEPLOYMENT_TARGET = 17.0;
				MARKETING_VERSION = 1.0;
				PRODUCT_BUNDLE_IDENTIFIER = com.kakutagawa.MyMusic1Tests;
				PRODUCT_NAME = "$(TARGET_NAME)";
				SWIFT_EMIT_LOC_STRINGS = NO;
				SWIFT_VERSION = 5.0;
				TARGETED_DEVICE_FAMILY = "1,2";
				TEST_HOST = "$(BUILT_PRODUCTS_DIR)/MyMusic1.app/$(BUNDLE_EXECUTABLE_FOLDER_PATH)/MyMusic1";
			};
			name = Release;
		};
		1D5719EF2AD4B6D9007BEE31 /* Debug */ = {
			isa = XCBuildConfiguration;
			buildSettings = {
				ALWAYS_EMBED_SWIFT_STANDARD_LIBRARIES = YES;
				CODE_SIGN_STYLE = Automatic;
				CURRENT_PROJECT_VERSION = 1;
				GENERATE_INFOPLIST_FILE = YES;
				MARKETING_VERSION = 1.0;
				PRODUCT_BUNDLE_IDENTIFIER = com.kakutagawa.MyMusic1UITests;
				PRODUCT_NAME = "$(TARGET_NAME)";
				SWIFT_EMIT_LOC_STRINGS = NO;
				SWIFT_VERSION = 5.0;
				TARGETED_DEVICE_FAMILY = "1,2";
				TEST_TARGET_NAME = MyMusic1;
			};
			name = Debug;
		};
		1D5719F02AD4B6D9007BEE31 /* Release */ = {
			isa = XCBuildConfiguration;
			buildSettings = {
				ALWAYS_EMBED_SWIFT_STANDARD_LIBRARIES = YES;
				CODE_SIGN_STYLE = Automatic;
				CURRENT_PROJECT_VERSION = 1;
				GENERATE_INFOPLIST_FILE = YES;
				MARKETING_VERSION = 1.0;
				PRODUCT_BUNDLE_IDENTIFIER = com.kakutagawa.MyMusic1UITests;
				PRODUCT_NAME = "$(TARGET_NAME)";
				SWIFT_EMIT_LOC_STRINGS = NO;
				SWIFT_VERSION = 5.0;
				TARGETED_DEVICE_FAMILY = "1,2";
				TEST_TARGET_NAME = MyMusic1;
			};
			name = Release;
		};
/* End XCBuildConfiguration section */

/* Begin XCConfigurationList section */
		1D5719BF2AD4B6D6007BEE31 /* Build configuration list for PBXProject "MyMusic1" */ = {
			isa = XCConfigurationList;
			buildConfigurations = (
				1D5719E62AD4B6D9007BEE31 /* Debug */,
				1D5719E72AD4B6D9007BEE31 /* Release */,
			);
			defaultConfigurationIsVisible = 0;
			defaultConfigurationName = Release;
		};
		1D5719E82AD4B6D9007BEE31 /* Build configuration list for PBXNativeTarget "MyMusic1" */ = {
			isa = XCConfigurationList;
			buildConfigurations = (
				1D5719E92AD4B6D9007BEE31 /* Debug */,
				1D5719EA2AD4B6D9007BEE31 /* Release */,
			);
			defaultConfigurationIsVisible = 0;
			defaultConfigurationName = Release;
		};
		1D5719EB2AD4B6D9007BEE31 /* Build configuration list for PBXNativeTarget "MyMusic1Tests" */ = {
			isa = XCConfigurationList;
			buildConfigurations = (
				1D5719EC2AD4B6D9007BEE31 /* Debug */,
				1D5719ED2AD4B6D9007BEE31 /* Release */,
			);
			defaultConfigurationIsVisible = 0;
			defaultConfigurationName = Release;
		};
		1D5719EE2AD4B6D9007BEE31 /* Build configuration list for PBXNativeTarget "MyMusic1UITests" */ = {
			isa = XCConfigurationList;
			buildConfigurations = (
				1D5719EF2AD4B6D9007BEE31 /* Debug */,
				1D5719F02AD4B6D9007BEE31 /* Release */,
			);
			defaultConfigurationIsVisible = 0;
			defaultConfigurationName = Release;
		};
/* End XCConfigurationList section */
	};
	rootObject = 1D5719BC2AD4B6D6007BEE31 /* Project object */;
}
