// !$*UTF8*$!
{
	archiveVersion = 1;
	classes = {
	};
	objectVersion = 56;
	objects = {

/* Begin PBXBuildFile section */
		1DC688CC2AD60CBE009832C4 /* MyMap1App.swift in Sources */ = {isa = PBXBuildFile; fileRef = 1DC688CB2AD60CBE009832C4 /* MyMap1App.swift */; };
		1DC688CE2AD60CBE009832C4 /* ContentView.swift in Sources */ = {isa = PBXBuildFile; fileRef = 1DC688CD2AD60CBE009832C4 /* ContentView.swift */; };
		1DC688D02AD60CBF009832C4 /* Assets.xcassets in Resources */ = {isa = PBXBuildFile; fileRef = 1DC688CF2AD60CBF009832C4 /* Assets.xcassets */; };
		1DC688D32AD60CBF009832C4 /* Preview Assets.xcassets in Resources */ = {isa = PBXBuildFile; fileRef = 1DC688D22AD60CBF009832C4 /* Preview Assets.xcassets */; };
		1DC688DD2AD60CC0009832C4 /* MyMap1Tests.swift in Sources */ = {isa = PBXBuildFile; fileRef = 1DC688DC2AD60CC0009832C4 /* MyMap1Tests.swift */; };
		1DC688E72AD60CC0009832C4 /* MyMap1UITests.swift in Sources */ = {isa = PBXBuildFile; fileRef = 1DC688E62AD60CC0009832C4 /* MyMap1UITests.swift */; };
		1DC688E92AD60CC0009832C4 /* MyMap1UITestsLaunchTests.swift in Sources */ = {isa = PBXBuildFile; fileRef = 1DC688E82AD60CC0009832C4 /* MyMap1UITestsLaunchTests.swift */; };
		1DC688F62AD60CED009832C4 /* MapView.swift in Sources */ = {isa = PBXBuildFile; fileRef = 1DC688F52AD60CED009832C4 /* MapView.swift */; };
/* End PBXBuildFile section */

/* Begin PBXContainerItemProxy section */
		1DC688D92AD60CC0009832C4 /* PBXContainerItemProxy */ = {
			isa = PBXContainerItemProxy;
			containerPortal = 1DC688C02AD60CBE009832C4 /* Project object */;
			proxyType = 1;
			remoteGlobalIDString = 1DC688C72AD60CBE009832C4;
			remoteInfo = MyMap1;
		};
		1DC688E32AD60CC0009832C4 /* PBXContainerItemProxy */ = {
			isa = PBXContainerItemProxy;
			containerPortal = 1DC688C02AD60CBE009832C4 /* Project object */;
			proxyType = 1;
			remoteGlobalIDString = 1DC688C72AD60CBE009832C4;
			remoteInfo = MyMap1;
		};
/* End PBXContainerItemProxy section */

/* Begin PBXFileReference section */
		1DC688C82AD60CBE009832C4 /* MyMap1.app */ = {isa = PBXFileReference; explicitFileType = wrapper.application; includeInIndex = 0; path = MyMap1.app; sourceTree = BUILT_PRODUCTS_DIR; };
		1DC688CB2AD60CBE009832C4 /* MyMap1App.swift */ = {isa = PBXFileReference; lastKnownFileType = sourcecode.swift; path = MyMap1App.swift; sourceTree = "<group>"; };
		1DC688CD2AD60CBE009832C4 /* ContentView.swift */ = {isa = PBXFileReference; lastKnownFileType = sourcecode.swift; path = ContentView.swift; sourceTree = "<group>"; };
		1DC688CF2AD60CBF009832C4 /* Assets.xcassets */ = {isa = PBXFileReference; lastKnownFileType = folder.assetcatalog; path = Assets.xcassets; sourceTree = "<group>"; };
		1DC688D22AD60CBF009832C4 /* Preview Assets.xcassets */ = {isa = PBXFileReference; lastKnownFileType = folder.assetcatalog; path = "Preview Assets.xcassets"; sourceTree = "<group>"; };
		1DC688D82AD60CC0009832C4 /* MyMap1Tests.xctest */ = {isa = PBXFileReference; explicitFileType = wrapper.cfbundle; includeInIndex = 0; path = MyMap1Tests.xctest; sourceTree = BUILT_PRODUCTS_DIR; };
		1DC688DC2AD60CC0009832C4 /* MyMap1Tests.swift */ = {isa = PBXFileReference; lastKnownFileType = sourcecode.swift; path = MyMap1Tests.swift; sourceTree = "<group>"; };
		1DC688E22AD60CC0009832C4 /* MyMap1UITests.xctest */ = {isa = PBXFileReference; explicitFileType = wrapper.cfbundle; includeInIndex = 0; path = MyMap1UITests.xctest; sourceTree = BUILT_PRODUCTS_DIR; };
		1DC688E62AD60CC0009832C4 /* MyMap1UITests.swift */ = {isa = PBXFileReference; lastKnownFileType = sourcecode.swift; path = MyMap1UITests.swift; sourceTree = "<group>"; };
		1DC688E82AD60CC0009832C4 /* MyMap1UITestsLaunchTests.swift */ = {isa = PBXFileReference; lastKnownFileType = sourcecode.swift; path = MyMap1UITestsLaunchTests.swift; sourceTree = "<group>"; };
		1DC688F52AD60CED009832C4 /* MapView.swift */ = {isa = PBXFileReference; lastKnownFileType = sourcecode.swift; path = MapView.swift; sourceTree = "<group>"; };
/* End PBXFileReference section */

/* Begin PBXFrameworksBuildPhase section */
		1DC688C52AD60CBE009832C4 /* Frameworks */ = {
			isa = PBXFrameworksBuildPhase;
			buildActionMask = 2147483647;
			files = (
			);
			runOnlyForDeploymentPostprocessing = 0;
		};
		1DC688D52AD60CC0009832C4 /* Frameworks */ = {
			isa = PBXFrameworksBuildPhase;
			buildActionMask = 2147483647;
			files = (
			);
			runOnlyForDeploymentPostprocessing = 0;
		};
		1DC688DF2AD60CC0009832C4 /* Frameworks */ = {
			isa = PBXFrameworksBuildPhase;
			buildActionMask = 2147483647;
			files = (
			);
			runOnlyForDeploymentPostprocessing = 0;
		};
/* End PBXFrameworksBuildPhase section */

/* Begin PBXGroup section */
		1DC688BF2AD60CBE009832C4 = {
			isa = PBXGroup;
			children = (
				1DC688CA2AD60CBE009832C4 /* MyMap1 */,
				1DC688DB2AD60CC0009832C4 /* MyMap1Tests */,
				1DC688E52AD60CC0009832C4 /* MyMap1UITests */,
				1DC688C92AD60CBE009832C4 /* Products */,
			);
			sourceTree = "<group>";
		};
		1DC688C92AD60CBE009832C4 /* Products */ = {
			isa = PBXGroup;
			children = (
				1DC688C82AD60CBE009832C4 /* MyMap1.app */,
				1DC688D82AD60CC0009832C4 /* MyMap1Tests.xctest */,
				1DC688E22AD60CC0009832C4 /* MyMap1UITests.xctest */,
			);
			name = Products;
			sourceTree = "<group>";
		};
		1DC688CA2AD60CBE009832C4 /* MyMap1 */ = {
			isa = PBXGroup;
			children = (
				1DC688CB2AD60CBE009832C4 /* MyMap1App.swift */,
				1DC688CD2AD60CBE009832C4 /* ContentView.swift */,
				1DC688F52AD60CED009832C4 /* MapView.swift */,
				1DC688CF2AD60CBF009832C4 /* Assets.xcassets */,
				1DC688D12AD60CBF009832C4 /* Preview Content */,
			);
			path = MyMap1;
			sourceTree = "<group>";
		};
		1DC688D12AD60CBF009832C4 /* Preview Content */ = {
			isa = PBXGroup;
			children = (
				1DC688D22AD60CBF009832C4 /* Preview Assets.xcassets */,
			);
			path = "Preview Content";
			sourceTree = "<group>";
		};
		1DC688DB2AD60CC0009832C4 /* MyMap1Tests */ = {
			isa = PBXGroup;
			children = (
				1DC688DC2AD60CC0009832C4 /* MyMap1Tests.swift */,
			);
			path = MyMap1Tests;
			sourceTree = "<group>";
		};
		1DC688E52AD60CC0009832C4 /* MyMap1UITests */ = {
			isa = PBXGroup;
			children = (
				1DC688E62AD60CC0009832C4 /* MyMap1UITests.swift */,
				1DC688E82AD60CC0009832C4 /* MyMap1UITestsLaunchTests.swift */,
			);
			path = MyMap1UITests;
			sourceTree = "<group>";
		};
/* End PBXGroup section */

/* Begin PBXNativeTarget section */
		1DC688C72AD60CBE009832C4 /* MyMap1 */ = {
			isa = PBXNativeTarget;
			buildConfigurationList = 1DC688EC2AD60CC0009832C4 /* Build configuration list for PBXNativeTarget "MyMap1" */;
			buildPhases = (
				1DC688C42AD60CBE009832C4 /* Sources */,
				1DC688C52AD60CBE009832C4 /* Frameworks */,
				1DC688C62AD60CBE009832C4 /* Resources */,
			);
			buildRules = (
			);
			dependencies = (
			);
			name = MyMap1;
			productName = MyMap1;
			productReference = 1DC688C82AD60CBE009832C4 /* MyMap1.app */;
			productType = "com.apple.product-type.application";
		};
		1DC688D72AD60CC0009832C4 /* MyMap1Tests */ = {
			isa = PBXNativeTarget;
			buildConfigurationList = 1DC688EF2AD60CC0009832C4 /* Build configuration list for PBXNativeTarget "MyMap1Tests" */;
			buildPhases = (
				1DC688D42AD60CC0009832C4 /* Sources */,
				1DC688D52AD60CC0009832C4 /* Frameworks */,
				1DC688D62AD60CC0009832C4 /* Resources */,
			);
			buildRules = (
			);
			dependencies = (
				1DC688DA2AD60CC0009832C4 /* PBXTargetDependency */,
			);
			name = MyMap1Tests;
			productName = MyMap1Tests;
			productReference = 1DC688D82AD60CC0009832C4 /* MyMap1Tests.xctest */;
			productType = "com.apple.product-type.bundle.unit-test";
		};
		1DC688E12AD60CC0009832C4 /* MyMap1UITests */ = {
			isa = PBXNativeTarget;
			buildConfigurationList = 1DC688F22AD60CC0009832C4 /* Build configuration list for PBXNativeTarget "MyMap1UITests" */;
			buildPhases = (
				1DC688DE2AD60CC0009832C4 /* Sources */,
				1DC688DF2AD60CC0009832C4 /* Frameworks */,
				1DC688E02AD60CC0009832C4 /* Resources */,
			);
			buildRules = (
			);
			dependencies = (
				1DC688E42AD60CC0009832C4 /* PBXTargetDependency */,
			);
			name = MyMap1UITests;
			productName = MyMap1UITests;
			productReference = 1DC688E22AD60CC0009832C4 /* MyMap1UITests.xctest */;
			productType = "com.apple.product-type.bundle.ui-testing";
		};
/* End PBXNativeTarget section */

/* Begin PBXProject section */
		1DC688C02AD60CBE009832C4 /* Project object */ = {
			isa = PBXProject;
			attributes = {
				BuildIndependentTargetsInParallel = 1;
				LastSwiftUpdateCheck = 1500;
				LastUpgradeCheck = 1500;
				TargetAttributes = {
					1DC688C72AD60CBE009832C4 = {
						CreatedOnToolsVersion = 15.0;
					};
					1DC688D72AD60CC0009832C4 = {
						CreatedOnToolsVersion = 15.0;
						TestTargetID = 1DC688C72AD60CBE009832C4;
					};
					1DC688E12AD60CC0009832C4 = {
						CreatedOnToolsVersion = 15.0;
						TestTargetID = 1DC688C72AD60CBE009832C4;
					};
				};
			};
			buildConfigurationList = 1DC688C32AD60CBE009832C4 /* Build configuration list for PBXProject "MyMap1" */;
			compatibilityVersion = "Xcode 14.0";
			developmentRegion = en;
			hasScannedForEncodings = 0;
			knownRegions = (
				en,
				Base,
			);
			mainGroup = 1DC688BF2AD60CBE009832C4;
			productRefGroup = 1DC688C92AD60CBE009832C4 /* Products */;
			projectDirPath = "";
			projectRoot = "";
			targets = (
				1DC688C72AD60CBE009832C4 /* MyMap1 */,
				1DC688D72AD60CC0009832C4 /* MyMap1Tests */,
				1DC688E12AD60CC0009832C4 /* MyMap1UITests */,
			);
		};
/* End PBXProject section */

/* Begin PBXResourcesBuildPhase section */
		1DC688C62AD60CBE009832C4 /* Resources */ = {
			isa = PBXResourcesBuildPhase;
			buildActionMask = 2147483647;
			files = (
				1DC688D32AD60CBF009832C4 /* Preview Assets.xcassets in Resources */,
				1DC688D02AD60CBF009832C4 /* Assets.xcassets in Resources */,
			);
			runOnlyForDeploymentPostprocessing = 0;
		};
		1DC688D62AD60CC0009832C4 /* Resources */ = {
			isa = PBXResourcesBuildPhase;
			buildActionMask = 2147483647;
			files = (
			);
			runOnlyForDeploymentPostprocessing = 0;
		};
		1DC688E02AD60CC0009832C4 /* Resources */ = {
			isa = PBXResourcesBuildPhase;
			buildActionMask = 2147483647;
			files = (
			);
			runOnlyForDeploymentPostprocessing = 0;
		};
/* End PBXResourcesBuildPhase section */

/* Begin PBXSourcesBuildPhase section */
		1DC688C42AD60CBE009832C4 /* Sources */ = {
			isa = PBXSourcesBuildPhase;
			buildActionMask = 2147483647;
			files = (
				1DC688CE2AD60CBE009832C4 /* ContentView.swift in Sources */,
				1DC688F62AD60CED009832C4 /* MapView.swift in Sources */,
				1DC688CC2AD60CBE009832C4 /* MyMap1App.swift in Sources */,
			);
			runOnlyForDeploymentPostprocessing = 0;
		};
		1DC688D42AD60CC0009832C4 /* Sources */ = {
			isa = PBXSourcesBuildPhase;
			buildActionMask = 2147483647;
			files = (
				1DC688DD2AD60CC0009832C4 /* MyMap1Tests.swift in Sources */,
			);
			runOnlyForDeploymentPostprocessing = 0;
		};
		1DC688DE2AD60CC0009832C4 /* Sources */ = {
			isa = PBXSourcesBuildPhase;
			buildActionMask = 2147483647;
			files = (
				1DC688E72AD60CC0009832C4 /* MyMap1UITests.swift in Sources */,
				1DC688E92AD60CC0009832C4 /* MyMap1UITestsLaunchTests.swift in Sources */,
			);
			runOnlyForDeploymentPostprocessing = 0;
		};
/* End PBXSourcesBuildPhase section */

/* Begin PBXTargetDependency section */
		1DC688DA2AD60CC0009832C4 /* PBXTargetDependency */ = {
			isa = PBXTargetDependency;
			target = 1DC688C72AD60CBE009832C4 /* MyMap1 */;
			targetProxy = 1DC688D92AD60CC0009832C4 /* PBXContainerItemProxy */;
		};
		1DC688E42AD60CC0009832C4 /* PBXTargetDependency */ = {
			isa = PBXTargetDependency;
			target = 1DC688C72AD60CBE009832C4 /* MyMap1 */;
			targetProxy = 1DC688E32AD60CC0009832C4 /* PBXContainerItemProxy */;
		};
/* End PBXTargetDependency section */

/* Begin XCBuildConfiguration section */
		1DC688EA2AD60CC0009832C4 /* Debug */ = {
			isa = XCBuildConfiguration;
			buildSettings = {
				ALWAYS_SEARCH_USER_PATHS = NO;
				ASSETCATALOG_COMPILER_GENERATE_SWIFT_ASSET_SYMBOL_EXTENSIONS = YES;
				CLANG_ANALYZER_NONNULL = YES;
				CLANG_ANALYZER_NUMBER_OBJECT_CONVERSION = YES_AGGRESSIVE;
				CLANG_CXX_LANGUAGE_STANDARD = "gnu++20";
				CLANG_ENABLE_MODULES = YES;
				CLANG_ENABLE_OBJC_ARC = YES;
				CLANG_ENABLE_OBJC_WEAK = YES;
				CLANG_WARN_BLOCK_CAPTURE_AUTORELEASING = YES;
				CLANG_WARN_BOOL_CONVERSION = YES;
				CLANG_WARN_COMMA = YES;
				CLANG_WARN_CONSTANT_CONVERSION = YES;
				CLANG_WARN_DEPRECATED_OBJC_IMPLEMENTATIONS = YES;
				CLANG_WARN_DIRECT_OBJC_ISA_USAGE = YES_ERROR;
				CLANG_WARN_DOCUMENTATION_COMMENTS = YES;
				CLANG_WARN_EMPTY_BODY = YES;
				CLANG_WARN_ENUM_CONVERSION = YES;
				CLANG_WARN_INFINITE_RECURSION = YES;
				CLANG_WARN_INT_CONVERSION = YES;
				CLANG_WARN_NON_LITERAL_NULL_CONVERSION = YES;
				CLANG_WARN_OBJC_IMPLICIT_RETAIN_SELF = YES;
				CLANG_WARN_OBJC_LITERAL_CONVERSION = YES;
				CLANG_WARN_OBJC_ROOT_CLASS = YES_ERROR;
				CLANG_WARN_QUOTED_INCLUDE_IN_FRAMEWORK_HEADER = YES;
				CLANG_WARN_RANGE_LOOP_ANALYSIS = YES;
				CLANG_WARN_STRICT_PROTOTYPES = YES;
				CLANG_WARN_SUSPICIOUS_MOVE = YES;
				CLANG_WARN_UNGUARDED_AVAILABILITY = YES_AGGRESSIVE;
				CLANG_WARN_UNREACHABLE_CODE = YES;
				CLANG_WARN__DUPLICATE_METHOD_MATCH = YES;
				COPY_PHASE_STRIP = NO;
				DEBUG_INFORMATION_FORMAT = dwarf;
				ENABLE_STRICT_OBJC_MSGSEND = YES;
				ENABLE_TESTABILITY = YES;
				ENABLE_USER_SCRIPT_SANDBOXING = YES;
				GCC_C_LANGUAGE_STANDARD = gnu17;
				GCC_DYNAMIC_NO_PIC = NO;
				GCC_NO_COMMON_BLOCKS = YES;
				GCC_OPTIMIZATION_LEVEL = 0;
				GCC_PREPROCESSOR_DEFINITIONS = (
					"DEBUG=1",
					"$(inherited)",
				);
				GCC_WARN_64_TO_32_BIT_CONVERSION = YES;
				GCC_WARN_ABOUT_RETURN_TYPE = YES_ERROR;
				GCC_WARN_UNDECLARED_SELECTOR = YES;
				GCC_WARN_UNINITIALIZED_AUTOS = YES_AGGRESSIVE;
				GCC_WARN_UNUSED_FUNCTION = YES;
				GCC_WARN_UNUSED_VARIABLE = YES;
				IPHONEOS_DEPLOYMENT_TARGET = 17.0;
				LOCALIZATION_PREFERS_STRING_CATALOGS = YES;
				MTL_ENABLE_DEBUG_INFO = INCLUDE_SOURCE;
				MTL_FAST_MATH = YES;
				ONLY_ACTIVE_ARCH = YES;
				SDKROOT = iphoneos;
				SWIFT_ACTIVE_COMPILATION_CONDITIONS = "DEBUG $(inherited)";
				SWIFT_OPTIMIZATION_LEVEL = "-Onone";
			};
			name = Debug;
		};
		1DC688EB2AD60CC0009832C4 /* Release */ = {
			isa = XCBuildConfiguration;
			buildSettings = {
				ALWAYS_SEARCH_USER_PATHS = NO;
				ASSETCATALOG_COMPILER_GENERATE_SWIFT_ASSET_SYMBOL_EXTENSIONS = YES;
				CLANG_ANALYZER_NONNULL = YES;
				CLANG_ANALYZER_NUMBER_OBJECT_CONVERSION = YES_AGGRESSIVE;
				CLANG_CXX_LANGUAGE_STANDARD = "gnu++20";
				CLANG_ENABLE_MODULES = YES;
				CLANG_ENABLE_OBJC_ARC = YES;
				CLANG_ENABLE_OBJC_WEAK = YES;
				CLANG_WARN_BLOCK_CAPTURE_AUTORELEASING = YES;
				CLANG_WARN_BOOL_CONVERSION = YES;
				CLANG_WARN_COMMA = YES;
				CLANG_WARN_CONSTANT_CONVERSION = YES;
				CLANG_WARN_DEPRECATED_OBJC_IMPLEMENTATIONS = YES;
				CLANG_WARN_DIRECT_OBJC_ISA_USAGE = YES_ERROR;
				CLANG_WARN_DOCUMENTATION_COMMENTS = YES;
				CLANG_WARN_EMPTY_BODY = YES;
				CLANG_WARN_ENUM_CONVERSION = YES;
				CLANG_WARN_INFINITE_RECURSION = YES;
				CLANG_WARN_INT_CONVERSION = YES;
				CLANG_WARN_NON_LITERAL_NULL_CONVERSION = YES;
				CLANG_WARN_OBJC_IMPLICIT_RETAIN_SELF = YES;
				CLANG_WARN_OBJC_LITERAL_CONVERSION = YES;
				CLANG_WARN_OBJC_ROOT_CLASS = YES_ERROR;
				CLANG_WARN_QUOTED_INCLUDE_IN_FRAMEWORK_HEADER = YES;
				CLANG_WARN_RANGE_LOOP_ANALYSIS = YES;
				CLANG_WARN_STRICT_PROTOTYPES = YES;
				CLANG_WARN_SUSPICIOUS_MOVE = YES;
				CLANG_WARN_UNGUARDED_AVAILABILITY = YES_AGGRESSIVE;
				CLANG_WARN_UNREACHABLE_CODE = YES;
				CLANG_WARN__DUPLICATE_METHOD_MATCH = YES;
				COPY_PHASE_STRIP = NO;
				DEBUG_INFORMATION_FORMAT = "dwarf-with-dsym";
				ENABLE_NS_ASSERTIONS = NO;
				ENABLE_STRICT_OBJC_MSGSEND = YES;
				ENABLE_USER_SCRIPT_SANDBOXING = YES;
				GCC_C_LANGUAGE_STANDARD = gnu17;
				GCC_NO_COMMON_BLOCKS = YES;
				GCC_WARN_64_TO_32_BIT_CONVERSION = YES;
				GCC_WARN_ABOUT_RETURN_TYPE = YES_ERROR;
				GCC_WARN_UNDECLARED_SELECTOR = YES;
				GCC_WARN_UNINITIALIZED_AUTOS = YES_AGGRESSIVE;
				GCC_WARN_UNUSED_FUNCTION = YES;
				GCC_WARN_UNUSED_VARIABLE = YES;
				IPHONEOS_DEPLOYMENT_TARGET = 17.0;
				LOCALIZATION_PREFERS_STRING_CATALOGS = YES;
				MTL_ENABLE_DEBUG_INFO = NO;
				MTL_FAST_MATH = YES;
				SDKROOT = iphoneos;
				SWIFT_COMPILATION_MODE = wholemodule;
				VALIDATE_PRODUCT = YES;
			};
			name = Release;
		};
		1DC688ED2AD60CC0009832C4 /* Debug */ = {
			isa = XCBuildConfiguration;
			buildSettings = {
				ASSETCATALOG_COMPILER_APPICON_NAME = AppIcon;
				ASSETCATALOG_COMPILER_GLOBAL_ACCENT_COLOR_NAME = AccentColor;
				CODE_SIGN_STYLE = Automatic;
				CURRENT_PROJECT_VERSION = 1;
				DEVELOPMENT_ASSET_PATHS = "\"MyMap1/Preview Content\"";
				ENABLE_PREVIEWS = YES;
				GENERATE_INFOPLIST_FILE = YES;
				INFOPLIST_KEY_UIApplicationSceneManifest_Generation = YES;
				INFOPLIST_KEY_UIApplicationSupportsIndirectInputEvents = YES;
				INFOPLIST_KEY_UILaunchScreen_Generation = YES;
				INFOPLIST_KEY_UISupportedInterfaceOrientations_iPad = "UIInterfaceOrientationPortrait UIInterfaceOrientationPortraitUpsideDown UIInterfaceOrientationLandscapeLeft UIInterfaceOrientationLandscapeRight";
				INFOPLIST_KEY_UISupportedInterfaceOrientations_iPhone = "UIInterfaceOrientationPortrait UIInterfaceOrientationLandscapeLeft UIInterfaceOrientationLandscapeRight";
				LD_RUNPATH_SEARCH_PATHS = (
					"$(inherited)",
					"@executable_path/Frameworks",
				);
				MARKETING_VERSION = 1.0;
				PRODUCT_BUNDLE_IDENTIFIER = com.kakutagawa.MyMap1;
				PRODUCT_NAME = "$(TARGET_NAME)";
				SWIFT_EMIT_LOC_STRINGS = YES;
				SWIFT_VERSION = 5.0;
				TARGETED_DEVICE_FAMILY = "1,2";
			};
			name = Debug;
		};
		1DC688EE2AD60CC0009832C4 /* Release */ = {
			isa = XCBuildConfiguration;
			buildSettings = {
				ASSETCATALOG_COMPILER_APPICON_NAME = AppIcon;
				ASSETCATALOG_COMPILER_GLOBAL_ACCENT_COLOR_NAME = AccentColor;
				CODE_SIGN_STYLE = Automatic;
				CURRENT_PROJECT_VERSION = 1;
				DEVELOPMENT_ASSET_PATHS = "\"MyMap1/Preview Content\"";
				ENABLE_PREVIEWS = YES;
				GENERATE_INFOPLIST_FILE = YES;
				INFOPLIST_KEY_UIApplicationSceneManifest_Generation = YES;
				INFOPLIST_KEY_UIApplicationSupportsIndirectInputEvents = YES;
				INFOPLIST_KEY_UILaunchScreen_Generation = YES;
				INFOPLIST_KEY_UISupportedInterfaceOrientations_iPad = "UIInterfaceOrientationPortrait UIInterfaceOrientationPortraitUpsideDown UIInterfaceOrientationLandscapeLeft UIInterfaceOrientationLandscapeRight";
				INFOPLIST_KEY_UISupportedInterfaceOrientations_iPhone = "UIInterfaceOrientationPortrait UIInterfaceOrientationLandscapeLeft UIInterfaceOrientationLandscapeRight";
				LD_RUNPATH_SEARCH_PATHS = (
					"$(inherited)",
					"@executable_path/Frameworks",
				);
				MARKETING_VERSION = 1.0;
				PRODUCT_BUNDLE_IDENTIFIER = com.kakutagawa.MyMap1;
				PRODUCT_NAME = "$(TARGET_NAME)";
				SWIFT_EMIT_LOC_STRINGS = YES;
				SWIFT_VERSION = 5.0;
				TARGETED_DEVICE_FAMILY = "1,2";
			};
			name = Release;
		};
		1DC688F02AD60CC0009832C4 /* Debug */ = {
			isa = XCBuildConfiguration;
			buildSettings = {
				ALWAYS_EMBED_SWIFT_STANDARD_LIBRARIES = YES;
				BUNDLE_LOADER = "$(TEST_HOST)";
				CODE_SIGN_STYLE = Automatic;
				CURRENT_PROJECT_VERSION = 1;
				GENERATE_INFOPLIST_FILE = YES;
				IPHONEOS_DEPLOYMENT_TARGET = 17.0;
				MARKETING_VERSION = 1.0;
				PRODUCT_BUNDLE_IDENTIFIER = com.kakutagawa.MyMap1Tests;
				PRODUCT_NAME = "$(TARGET_NAME)";
				SWIFT_EMIT_LOC_STRINGS = NO;
				SWIFT_VERSION = 5.0;
				TARGETED_DEVICE_FAMILY = "1,2";
				TEST_HOST = "$(BUILT_PRODUCTS_DIR)/MyMap1.app/$(BUNDLE_EXECUTABLE_FOLDER_PATH)/MyMap1";
			};
			name = Debug;
		};
		1DC688F12AD60CC0009832C4 /* Release */ = {
			isa = XCBuildConfiguration;
			buildSettings = {
				ALWAYS_EMBED_SWIFT_STANDARD_LIBRARIES = YES;
				BUNDLE_LOADER = "$(TEST_HOST)";
				CODE_SIGN_STYLE = Automatic;
				CURRENT_PROJECT_VERSION = 1;
				GENERATE_INFOPLIST_FILE = YES;
				IPHONEOS_DEPLOYMENT_TARGET = 17.0;
				MARKETING_VERSION = 1.0;
				PRODUCT_BUNDLE_IDENTIFIER = com.kakutagawa.MyMap1Tests;
				PRODUCT_NAME = "$(TARGET_NAME)";
				SWIFT_EMIT_LOC_STRINGS = NO;
				SWIFT_VERSION = 5.0;
				TARGETED_DEVICE_FAMILY = "1,2";
				TEST_HOST = "$(BUILT_PRODUCTS_DIR)/MyMap1.app/$(BUNDLE_EXECUTABLE_FOLDER_PATH)/MyMap1";
			};
			name = Release;
		};
		1DC688F32AD60CC0009832C4 /* Debug */ = {
			isa = XCBuildConfiguration;
			buildSettings = {
				ALWAYS_EMBED_SWIFT_STANDARD_LIBRARIES = YES;
				CODE_SIGN_STYLE = Automatic;
				CURRENT_PROJECT_VERSION = 1;
				GENERATE_INFOPLIST_FILE = YES;
				MARKETING_VERSION = 1.0;
				PRODUCT_BUNDLE_IDENTIFIER = com.kakutagawa.MyMap1UITests;
				PRODUCT_NAME = "$(TARGET_NAME)";
				SWIFT_EMIT_LOC_STRINGS = NO;
				SWIFT_VERSION = 5.0;
				TARGETED_DEVICE_FAMILY = "1,2";
				TEST_TARGET_NAME = MyMap1;
			};
			name = Debug;
		};
		1DC688F42AD60CC0009832C4 /* Release */ = {
			isa = XCBuildConfiguration;
			buildSettings = {
				ALWAYS_EMBED_SWIFT_STANDARD_LIBRARIES = YES;
				CODE_SIGN_STYLE = Automatic;
				CURRENT_PROJECT_VERSION = 1;
				GENERATE_INFOPLIST_FILE = YES;
				MARKETING_VERSION = 1.0;
				PRODUCT_BUNDLE_IDENTIFIER = com.kakutagawa.MyMap1UITests;
				PRODUCT_NAME = "$(TARGET_NAME)";
				SWIFT_EMIT_LOC_STRINGS = NO;
				SWIFT_VERSION = 5.0;
				TARGETED_DEVICE_FAMILY = "1,2";
				TEST_TARGET_NAME = MyMap1;
			};
			name = Release;
		};
/* End XCBuildConfiguration section */

/* Begin XCConfigurationList section */
		1DC688C32AD60CBE009832C4 /* Build configuration list for PBXProject "MyMap1" */ = {
			isa = XCConfigurationList;
			buildConfigurations = (
				1DC688EA2AD60CC0009832C4 /* Debug */,
				1DC688EB2AD60CC0009832C4 /* Release */,
			);
			defaultConfigurationIsVisible = 0;
			defaultConfigurationName = Release;
		};
		1DC688EC2AD60CC0009832C4 /* Build configuration list for PBXNativeTarget "MyMap1" */ = {
			isa = XCConfigurationList;
			buildConfigurations = (
				1DC688ED2AD60CC0009832C4 /* Debug */,
				1DC688EE2AD60CC0009832C4 /* Release */,
			);
			defaultConfigurationIsVisible = 0;
			defaultConfigurationName = Release;
		};
		1DC688EF2AD60CC0009832C4 /* Build configuration list for PBXNativeTarget "MyMap1Tests" */ = {
			isa = XCConfigurationList;
			buildConfigurations = (
				1DC688F02AD60CC0009832C4 /* Debug */,
				1DC688F12AD60CC0009832C4 /* Release */,
			);
			defaultConfigurationIsVisible = 0;
			defaultConfigurationName = Release;
		};
		1DC688F22AD60CC0009832C4 /* Build configuration list for PBXNativeTarget "MyMap1UITests" */ = {
			isa = XCConfigurationList;
			buildConfigurations = (
				1DC688F32AD60CC0009832C4 /* Debug */,
				1DC688F42AD60CC0009832C4 /* Release */,
			);
			defaultConfigurationIsVisible = 0;
			defaultConfigurationName = Release;
		};
/* End XCConfigurationList section */
	};
	rootObject = 1DC688C02AD60CBE009832C4 /* Project object */;
}
